{
  "object": {
    "pins": [
      {
        "package": "Action",
        "repositoryURL": "https://github.com/RxSwiftCommunity/Action",
        "state": {
          "branch": null,
          "revision": "77a1aba64490424b485b54ffbd0bdecc3abaa046",
          "version": "4.2.0"
        }
      },
      {
        "package": "Alamofire",
        "repositoryURL": "https://github.com/Alamofire/Alamofire",
        "state": {
          "branch": null,
          "revision": "64dd16a5f2099dd5400f5e6d1442dc5ab0c1d917",
          "version": "5.2.0"
        }
      },
      {
        "package": "AlamofireImage",
        "repositoryURL": "https://github.com/Alamofire/AlamofireImage",
        "state": {
          "branch": null,
          "revision": "3e8edbeb75227f8542aa87f90240cf0424d6362f",
          "version": "4.1.0"
        }
      },
      {
        "package": "DifferenceKit",
        "repositoryURL": "https://github.com/ra1028/DifferenceKit",
        "state": {
          "branch": null,
          "revision": "14c66681e12a38b81045f44c6c29724a0d4b0e72",
          "version": "1.1.5"
        }
      },
      {
        "package": "PureLayout",
        "repositoryURL": "https://github.com/PureLayout/PureLayout",
        "state": {
          "branch": null,
          "revision": "6fd4f2f875157d29d5ef00fbaaac149d91df5dcc",
          "version": "3.1.7"
        }
      },
      {
        "package": "RxSwift",
        "repositoryURL": "https://github.com/ReactiveX/RxSwift",
        "state": {
          "branch": null,
          "revision": "002d325b0bdee94e7882e1114af5ff4fe1e96afa",
          "version": "5.1.1"
        }
      }
    ]
  },
  "version": 1
}
