// !$*UTF8*$!
{
	archiveVersion = 1;
	classes = {
	};
	objectVersion = 46;
	objects = {

/* Begin PBXBuildFile section */
		14D26EFB6DF7EEEF97CE0FC2 /* Pods_DDMvvm_Tests.framework in Frameworks */ = {isa = PBXBuildFile; fileRef = BFB08EE7E253BF60C14E5F73 /* Pods_DDMvvm_Tests.framework */; };
		4E2AD47B216707FF0016BFCF /* SimpleCollectionPage.swift in Sources */ = {isa = PBXBuildFile; fileRef = 4E2AD47A216707FF0016BFCF /* SimpleCollectionPage.swift */; };
		4E2AD47D216709A60016BFCF /* SimpleCollectionPageCell.swift in Sources */ = {isa = PBXBuildFile; fileRef = 4E2AD47C216709A60016BFCF /* SimpleCollectionPageCell.swift */; };
		4E2AD47F21670C740016BFCF /* SectionCollectionPage.swift in Sources */ = {isa = PBXBuildFile; fileRef = 4E2AD47E21670C740016BFCF /* SectionCollectionPage.swift */; };
		4E2AD48121670ECA0016BFCF /* SectionHeaderCell.swift in Sources */ = {isa = PBXBuildFile; fileRef = 4E2AD48021670ECA0016BFCF /* SectionHeaderCell.swift */; };
		4E2AD4832167113B0016BFCF /* SimpleCollectionPageCells.swift in Sources */ = {isa = PBXBuildFile; fileRef = 4E2AD4822167113B0016BFCF /* SimpleCollectionPageCells.swift */; };
		4E2AD486216715DB0016BFCF /* ContactListPage.swift in Sources */ = {isa = PBXBuildFile; fileRef = 4E2AD485216715DB0016BFCF /* ContactListPage.swift */; };
		4E2AD488216718200016BFCF /* ContactCell.swift in Sources */ = {isa = PBXBuildFile; fileRef = 4E2AD487216718200016BFCF /* ContactCell.swift */; };
		4E2AD48A2167184D0016BFCF /* ContactModel.swift in Sources */ = {isa = PBXBuildFile; fileRef = 4E2AD4892167184D0016BFCF /* ContactModel.swift */; };
		4E2AD48C2167195C0016BFCF /* ContactEditPage.swift in Sources */ = {isa = PBXBuildFile; fileRef = 4E2AD48B2167195C0016BFCF /* ContactEditPage.swift */; };
		4E48B73621657CF800EF8CED /* SimpleListPage.swift in Sources */ = {isa = PBXBuildFile; fileRef = 4E48B73521657CF800EF8CED /* SimpleListPage.swift */; };
		4E48B73821657DA900EF8CED /* SimpleListPageCell.swift in Sources */ = {isa = PBXBuildFile; fileRef = 4E48B73721657DA900EF8CED /* SimpleListPageCell.swift */; };
		4E48B73A21657FD500EF8CED /* ListPageModels.swift in Sources */ = {isa = PBXBuildFile; fileRef = 4E48B73921657FD500EF8CED /* ListPageModels.swift */; };
		4E48B73C216584A800EF8CED /* SectionListPage.swift in Sources */ = {isa = PBXBuildFile; fileRef = 4E48B73B216584A800EF8CED /* SectionListPage.swift */; };
		4E48B73E2165853700EF8CED /* SectionHeaderView.swift in Sources */ = {isa = PBXBuildFile; fileRef = 4E48B73D2165853700EF8CED /* SectionHeaderView.swift */; };
		4E48B7402165881500EF8CED /* SectionListPageCells.swift in Sources */ = {isa = PBXBuildFile; fileRef = 4E48B73F2165881500EF8CED /* SectionListPageCells.swift */; };
		4E8470D72189A323008C4BA6 /* JsonService.swift in Sources */ = {isa = PBXBuildFile; fileRef = 4E8470D62189A323008C4BA6 /* JsonService.swift */; };
		4E98C39522AF6AFE006BD8A4 /* Pods_DDMvvm_Example.framework in Frameworks */ = {isa = PBXBuildFile; fileRef = 4E98C39422AF6AFE006BD8A4 /* Pods_DDMvvm_Example.framework */; };
		4ED4076B2162016200987322 /* DataBindingExamplePage.swift in Sources */ = {isa = PBXBuildFile; fileRef = 4ED4076A2162016200987322 /* DataBindingExamplePage.swift */; };
		4ED407712162184600987322 /* CustomControlExamplePage.swift in Sources */ = {isa = PBXBuildFile; fileRef = 4ED407702162184600987322 /* CustomControlExamplePage.swift */; };
		4ED407732162193200987322 /* SegmentedView.swift in Sources */ = {isa = PBXBuildFile; fileRef = 4ED407722162193200987322 /* SegmentedView.swift */; };
		4ED4077521621FB500987322 /* NavigationTransitionExamplePage.swift in Sources */ = {isa = PBXBuildFile; fileRef = 4ED4077421621FB500987322 /* NavigationTransitionExamplePage.swift */; };
		4ED40777216224DA00987322 /* Transitionings.swift in Sources */ = {isa = PBXBuildFile; fileRef = 4ED40776216224DA00987322 /* Transitionings.swift */; };
		4EE544982161CEFF000E7B15 /* ExampleMenuPage.swift in Sources */ = {isa = PBXBuildFile; fileRef = 4EE544972161CEFF000E7B15 /* ExampleMenuPage.swift */; };
		4EE5449A2161CF3D000E7B15 /* ExampleMenuCell.swift in Sources */ = {isa = PBXBuildFile; fileRef = 4EE544992161CF3D000E7B15 /* ExampleMenuCell.swift */; };
		4EE5449D2161CF7B000E7B15 /* MenuModel.swift in Sources */ = {isa = PBXBuildFile; fileRef = 4EE5449C2161CF7B000E7B15 /* MenuModel.swift */; };
		4EE5449F2161D803000E7B15 /* DataTransformations.swift in Sources */ = {isa = PBXBuildFile; fileRef = 4EE5449E2161D803000E7B15 /* DataTransformations.swift */; };
		4EEA34732163CFF800033616 /* FlickrSearchPage.swift in Sources */ = {isa = PBXBuildFile; fileRef = 4EEA34722163CFF800033616 /* FlickrSearchPage.swift */; };
		4EEA34752163D0AD00033616 /* FlickrImageCell.swift in Sources */ = {isa = PBXBuildFile; fileRef = 4EEA34742163D0AD00033616 /* FlickrImageCell.swift */; };
		4EEA34772163D17500033616 /* FlickrModels.swift in Sources */ = {isa = PBXBuildFile; fileRef = 4EEA34762163D17500033616 /* FlickrModels.swift */; };
		607FACD61AFB9204008FA782 /* AppDelegate.swift in Sources */ = {isa = PBXBuildFile; fileRef = 607FACD51AFB9204008FA782 /* AppDelegate.swift */; };
		607FACDD1AFB9204008FA782 /* Images.xcassets in Resources */ = {isa = PBXBuildFile; fileRef = 607FACDC1AFB9204008FA782 /* Images.xcassets */; };
		607FACE01AFB9204008FA782 /* LaunchScreen.xib in Resources */ = {isa = PBXBuildFile; fileRef = 607FACDE1AFB9204008FA782 /* LaunchScreen.xib */; };
		607FACEC1AFB9204008FA782 /* Tests.swift in Sources */ = {isa = PBXBuildFile; fileRef = 607FACEB1AFB9204008FA782 /* Tests.swift */; };
/* End PBXBuildFile section */

/* Begin PBXContainerItemProxy section */
		607FACE61AFB9204008FA782 /* PBXContainerItemProxy */ = {
			isa = PBXContainerItemProxy;
			containerPortal = 607FACC81AFB9204008FA782 /* Project object */;
			proxyType = 1;
			remoteGlobalIDString = 607FACCF1AFB9204008FA782;
			remoteInfo = DDMvvm;
		};
/* End PBXContainerItemProxy section */

/* Begin PBXFileReference section */
		4E2AD47A216707FF0016BFCF /* SimpleCollectionPage.swift */ = {isa = PBXFileReference; lastKnownFileType = sourcecode.swift; path = SimpleCollectionPage.swift; sourceTree = "<group>"; };
		4E2AD47C216709A60016BFCF /* SimpleCollectionPageCell.swift */ = {isa = PBXFileReference; lastKnownFileType = sourcecode.swift; path = SimpleCollectionPageCell.swift; sourceTree = "<group>"; };
		4E2AD47E21670C740016BFCF /* SectionCollectionPage.swift */ = {isa = PBXFileReference; lastKnownFileType = sourcecode.swift; path = SectionCollectionPage.swift; sourceTree = "<group>"; };
		4E2AD48021670ECA0016BFCF /* SectionHeaderCell.swift */ = {isa = PBXFileReference; lastKnownFileType = sourcecode.swift; path = SectionHeaderCell.swift; sourceTree = "<group>"; };
		4E2AD4822167113B0016BFCF /* SimpleCollectionPageCells.swift */ = {isa = PBXFileReference; lastKnownFileType = sourcecode.swift; path = SimpleCollectionPageCells.swift; sourceTree = "<group>"; };
		4E2AD485216715DB0016BFCF /* ContactListPage.swift */ = {isa = PBXFileReference; lastKnownFileType = sourcecode.swift; path = ContactListPage.swift; sourceTree = "<group>"; };
		4E2AD487216718200016BFCF /* ContactCell.swift */ = {isa = PBXFileReference; lastKnownFileType = sourcecode.swift; path = ContactCell.swift; sourceTree = "<group>"; };
		4E2AD4892167184D0016BFCF /* ContactModel.swift */ = {isa = PBXFileReference; lastKnownFileType = sourcecode.swift; path = ContactModel.swift; sourceTree = "<group>"; };
		4E2AD48B2167195C0016BFCF /* ContactEditPage.swift */ = {isa = PBXFileReference; lastKnownFileType = sourcecode.swift; path = ContactEditPage.swift; sourceTree = "<group>"; };
		4E48B73521657CF800EF8CED /* SimpleListPage.swift */ = {isa = PBXFileReference; lastKnownFileType = sourcecode.swift; path = SimpleListPage.swift; sourceTree = "<group>"; };
		4E48B73721657DA900EF8CED /* SimpleListPageCell.swift */ = {isa = PBXFileReference; lastKnownFileType = sourcecode.swift; path = SimpleListPageCell.swift; sourceTree = "<group>"; };
		4E48B73921657FD500EF8CED /* ListPageModels.swift */ = {isa = PBXFileReference; lastKnownFileType = sourcecode.swift; path = ListPageModels.swift; sourceTree = "<group>"; };
		4E48B73B216584A800EF8CED /* SectionListPage.swift */ = {isa = PBXFileReference; lastKnownFileType = sourcecode.swift; path = SectionListPage.swift; sourceTree = "<group>"; };
		4E48B73D2165853700EF8CED /* SectionHeaderView.swift */ = {isa = PBXFileReference; lastKnownFileType = sourcecode.swift; path = SectionHeaderView.swift; sourceTree = "<group>"; };
		4E48B73F2165881500EF8CED /* SectionListPageCells.swift */ = {isa = PBXFileReference; lastKnownFileType = sourcecode.swift; path = SectionListPageCells.swift; sourceTree = "<group>"; };
		4E8470D62189A323008C4BA6 /* JsonService.swift */ = {isa = PBXFileReference; lastKnownFileType = sourcecode.swift; path = JsonService.swift; sourceTree = "<group>"; };
		4E98C39422AF6AFE006BD8A4 /* Pods_DDMvvm_Example.framework */ = {isa = PBXFileReference; explicitFileType = wrapper.framework; path = Pods_DDMvvm_Example.framework; sourceTree = BUILT_PRODUCTS_DIR; };
		4ED4076A2162016200987322 /* DataBindingExamplePage.swift */ = {isa = PBXFileReference; lastKnownFileType = sourcecode.swift; path = DataBindingExamplePage.swift; sourceTree = "<group>"; };
		4ED407702162184600987322 /* CustomControlExamplePage.swift */ = {isa = PBXFileReference; lastKnownFileType = sourcecode.swift; path = CustomControlExamplePage.swift; sourceTree = "<group>"; };
		4ED407722162193200987322 /* SegmentedView.swift */ = {isa = PBXFileReference; lastKnownFileType = sourcecode.swift; path = SegmentedView.swift; sourceTree = "<group>"; };
		4ED4077421621FB500987322 /* NavigationTransitionExamplePage.swift */ = {isa = PBXFileReference; lastKnownFileType = sourcecode.swift; path = NavigationTransitionExamplePage.swift; sourceTree = "<group>"; };
		4ED40776216224DA00987322 /* Transitionings.swift */ = {isa = PBXFileReference; lastKnownFileType = sourcecode.swift; path = Transitionings.swift; sourceTree = "<group>"; };
		4EE544972161CEFF000E7B15 /* ExampleMenuPage.swift */ = {isa = PBXFileReference; lastKnownFileType = sourcecode.swift; path = ExampleMenuPage.swift; sourceTree = "<group>"; };
		4EE544992161CF3D000E7B15 /* ExampleMenuCell.swift */ = {isa = PBXFileReference; lastKnownFileType = sourcecode.swift; path = ExampleMenuCell.swift; sourceTree = "<group>"; };
		4EE5449C2161CF7B000E7B15 /* MenuModel.swift */ = {isa = PBXFileReference; lastKnownFileType = sourcecode.swift; path = MenuModel.swift; sourceTree = "<group>"; };
		4EE5449E2161D803000E7B15 /* DataTransformations.swift */ = {isa = PBXFileReference; lastKnownFileType = sourcecode.swift; path = DataTransformations.swift; sourceTree = "<group>"; };
		4EEA34722163CFF800033616 /* FlickrSearchPage.swift */ = {isa = PBXFileReference; fileEncoding = 4; lastKnownFileType = sourcecode.swift; path = FlickrSearchPage.swift; sourceTree = "<group>"; };
		4EEA34742163D0AD00033616 /* FlickrImageCell.swift */ = {isa = PBXFileReference; lastKnownFileType = sourcecode.swift; path = FlickrImageCell.swift; sourceTree = "<group>"; };
		4EEA34762163D17500033616 /* FlickrModels.swift */ = {isa = PBXFileReference; lastKnownFileType = sourcecode.swift; path = FlickrModels.swift; sourceTree = "<group>"; };
		52DA4DBDEC20931C169953E9 /* DDMvvm.podspec */ = {isa = PBXFileReference; includeInIndex = 1; lastKnownFileType = text; name = DDMvvm.podspec; path = ../DDMvvm.podspec; sourceTree = "<group>"; };
		5FE26D1E7202D97A6F7EB484 /* Pods-DDMvvm_Tests.debug.xcconfig */ = {isa = PBXFileReference; includeInIndex = 1; lastKnownFileType = text.xcconfig; name = "Pods-DDMvvm_Tests.debug.xcconfig"; path = "Pods/Target Support Files/Pods-DDMvvm_Tests/Pods-DDMvvm_Tests.debug.xcconfig"; sourceTree = "<group>"; };
		607FACD01AFB9204008FA782 /* DDMvvm_Example.app */ = {isa = PBXFileReference; explicitFileType = wrapper.application; includeInIndex = 0; path = DDMvvm_Example.app; sourceTree = BUILT_PRODUCTS_DIR; };
		607FACD41AFB9204008FA782 /* Info.plist */ = {isa = PBXFileReference; lastKnownFileType = text.plist.xml; path = Info.plist; sourceTree = "<group>"; };
		607FACD51AFB9204008FA782 /* AppDelegate.swift */ = {isa = PBXFileReference; lastKnownFileType = sourcecode.swift; path = AppDelegate.swift; sourceTree = "<group>"; };
		607FACDC1AFB9204008FA782 /* Images.xcassets */ = {isa = PBXFileReference; lastKnownFileType = folder.assetcatalog; path = Images.xcassets; sourceTree = "<group>"; };
		607FACDF1AFB9204008FA782 /* Base */ = {isa = PBXFileReference; lastKnownFileType = file.xib; name = Base; path = Base.lproj/LaunchScreen.xib; sourceTree = "<group>"; };
		607FACE51AFB9204008FA782 /* DDMvvm_Tests.xctest */ = {isa = PBXFileReference; explicitFileType = wrapper.cfbundle; includeInIndex = 0; path = DDMvvm_Tests.xctest; sourceTree = BUILT_PRODUCTS_DIR; };
		607FACEA1AFB9204008FA782 /* Info.plist */ = {isa = PBXFileReference; lastKnownFileType = text.plist.xml; path = Info.plist; sourceTree = "<group>"; };
		607FACEB1AFB9204008FA782 /* Tests.swift */ = {isa = PBXFileReference; lastKnownFileType = sourcecode.swift; path = Tests.swift; sourceTree = "<group>"; };
		8073E045A97C23024F36524B /* Pods-DDMvvm_Example.release.xcconfig */ = {isa = PBXFileReference; includeInIndex = 1; lastKnownFileType = text.xcconfig; name = "Pods-DDMvvm_Example.release.xcconfig"; path = "Pods/Target Support Files/Pods-DDMvvm_Example/Pods-DDMvvm_Example.release.xcconfig"; sourceTree = "<group>"; };
		BFB08EE7E253BF60C14E5F73 /* Pods_DDMvvm_Tests.framework */ = {isa = PBXFileReference; explicitFileType = wrapper.framework; includeInIndex = 0; path = Pods_DDMvvm_Tests.framework; sourceTree = BUILT_PRODUCTS_DIR; };
		DE3853135D3C2B785F6422D3 /* README.md */ = {isa = PBXFileReference; includeInIndex = 1; lastKnownFileType = net.daringfireball.markdown; name = README.md; path = ../README.md; sourceTree = "<group>"; };
		F2B6D0C954E6F0B971AF85E6 /* Pods-DDMvvm_Tests.release.xcconfig */ = {isa = PBXFileReference; includeInIndex = 1; lastKnownFileType = text.xcconfig; name = "Pods-DDMvvm_Tests.release.xcconfig"; path = "Pods/Target Support Files/Pods-DDMvvm_Tests/Pods-DDMvvm_Tests.release.xcconfig"; sourceTree = "<group>"; };
		FBAB6B204F0970681DCF9099 /* LICENSE */ = {isa = PBXFileReference; includeInIndex = 1; lastKnownFileType = text; name = LICENSE; path = ../LICENSE; sourceTree = "<group>"; };
		FF622786AD5611ED1FE16677 /* Pods-DDMvvm_Example.debug.xcconfig */ = {isa = PBXFileReference; includeInIndex = 1; lastKnownFileType = text.xcconfig; name = "Pods-DDMvvm_Example.debug.xcconfig"; path = "Pods/Target Support Files/Pods-DDMvvm_Example/Pods-DDMvvm_Example.debug.xcconfig"; sourceTree = "<group>"; };
/* End PBXFileReference section */

/* Begin PBXFrameworksBuildPhase section */
		607FACCD1AFB9204008FA782 /* Frameworks */ = {
			isa = PBXFrameworksBuildPhase;
			buildActionMask = 2147483647;
			files = (
				4E98C39522AF6AFE006BD8A4 /* Pods_DDMvvm_Example.framework in Frameworks */,
			);
			runOnlyForDeploymentPostprocessing = 0;
		};
		607FACE21AFB9204008FA782 /* Frameworks */ = {
			isa = PBXFrameworksBuildPhase;
			buildActionMask = 2147483647;
			files = (
				14D26EFB6DF7EEEF97CE0FC2 /* Pods_DDMvvm_Tests.framework in Frameworks */,
			);
			runOnlyForDeploymentPostprocessing = 0;
		};
/* End PBXFrameworksBuildPhase section */

/* Begin PBXGroup section */
		249FD6E82297A32C2231A6AA /* Pods */ = {
			isa = PBXGroup;
			children = (
				FF622786AD5611ED1FE16677 /* Pods-DDMvvm_Example.debug.xcconfig */,
				8073E045A97C23024F36524B /* Pods-DDMvvm_Example.release.xcconfig */,
				5FE26D1E7202D97A6F7EB484 /* Pods-DDMvvm_Tests.debug.xcconfig */,
				F2B6D0C954E6F0B971AF85E6 /* Pods-DDMvvm_Tests.release.xcconfig */,
			);
			name = Pods;
			sourceTree = "<group>";
		};
		4E2AD479216707E20016BFCF /* CollectionPageExamples */ = {
			isa = PBXGroup;
			children = (
				4E2AD47A216707FF0016BFCF /* SimpleCollectionPage.swift */,
				4E2AD47C216709A60016BFCF /* SimpleCollectionPageCell.swift */,
				4E2AD47E21670C740016BFCF /* SectionCollectionPage.swift */,
				4E2AD48021670ECA0016BFCF /* SectionHeaderCell.swift */,
				4E2AD4822167113B0016BFCF /* SimpleCollectionPageCells.swift */,
			);
			path = CollectionPageExamples;
			sourceTree = "<group>";
		};
		4E2AD484216715AD0016BFCF /* ContactExample */ = {
			isa = PBXGroup;
			children = (
				4E2AD485216715DB0016BFCF /* ContactListPage.swift */,
				4E2AD487216718200016BFCF /* ContactCell.swift */,
				4E2AD48B2167195C0016BFCF /* ContactEditPage.swift */,
			);
			path = ContactExample;
			sourceTree = "<group>";
		};
		4E48B73421657A4C00EF8CED /* TablePageExamples */ = {
			isa = PBXGroup;
			children = (
				4E48B73521657CF800EF8CED /* SimpleListPage.swift */,
				4E48B73721657DA900EF8CED /* SimpleListPageCell.swift */,
				4E48B73B216584A800EF8CED /* SectionListPage.swift */,
				4E48B73D2165853700EF8CED /* SectionHeaderView.swift */,
				4E48B73F2165881500EF8CED /* SectionListPageCells.swift */,
			);
			path = TablePageExamples;
			sourceTree = "<group>";
		};
		4EE544912161CE90000E7B15 /* Classes */ = {
			isa = PBXGroup;
			children = (
				4EE5449B2161CF5E000E7B15 /* Models */,
				4EE544962161CEEC000E7B15 /* ExampleMenus */,
				4EE544922161CE90000E7B15 /* MvvmExamples */,
				4EE544932161CE90000E7B15 /* TransitionExamples */,
				4EE544942161CE90000E7B15 /* ServiceInjectionExamples */,
				4EE544952161CE90000E7B15 /* DataBindingExamples */,
			);
			path = Classes;
			sourceTree = "<group>";
		};
		4EE544922161CE90000E7B15 /* MvvmExamples */ = {
			isa = PBXGroup;
			children = (
				4E2AD479216707E20016BFCF /* CollectionPageExamples */,
				4E48B73421657A4C00EF8CED /* TablePageExamples */,
				4EEA34712163CFF800033616 /* FlickrSearch */,
				4E2AD484216715AD0016BFCF /* ContactExample */,
			);
			path = MvvmExamples;
			sourceTree = "<group>";
		};
		4EE544932161CE90000E7B15 /* TransitionExamples */ = {
			isa = PBXGroup;
			children = (
				4ED4077421621FB500987322 /* NavigationTransitionExamplePage.swift */,
				4ED40776216224DA00987322 /* Transitionings.swift */,
			);
			path = TransitionExamples;
			sourceTree = "<group>";
		};
		4EE544942161CE90000E7B15 /* ServiceInjectionExamples */ = {
			isa = PBXGroup;
			children = (
			);
			path = ServiceInjectionExamples;
			sourceTree = "<group>";
		};
		4EE544952161CE90000E7B15 /* DataBindingExamples */ = {
			isa = PBXGroup;
			children = (
				4ED4076A2162016200987322 /* DataBindingExamplePage.swift */,
				4ED407702162184600987322 /* CustomControlExamplePage.swift */,
				4ED407722162193200987322 /* SegmentedView.swift */,
			);
			path = DataBindingExamples;
			sourceTree = "<group>";
		};
		4EE544962161CEEC000E7B15 /* ExampleMenus */ = {
			isa = PBXGroup;
			children = (
				4EE544972161CEFF000E7B15 /* ExampleMenuPage.swift */,
				4EE544992161CF3D000E7B15 /* ExampleMenuCell.swift */,
			);
			path = ExampleMenus;
			sourceTree = "<group>";
		};
		4EE5449B2161CF5E000E7B15 /* Models */ = {
			isa = PBXGroup;
			children = (
				4EE5449E2161D803000E7B15 /* DataTransformations.swift */,
				4EE5449C2161CF7B000E7B15 /* MenuModel.swift */,
				4EEA34762163D17500033616 /* FlickrModels.swift */,
				4E48B73921657FD500EF8CED /* ListPageModels.swift */,
				4E2AD4892167184D0016BFCF /* ContactModel.swift */,
			);
			path = Models;
			sourceTree = "<group>";
		};
		4EEA34712163CFF800033616 /* FlickrSearch */ = {
			isa = PBXGroup;
			children = (
				4EEA34722163CFF800033616 /* FlickrSearchPage.swift */,
				4EEA34742163D0AD00033616 /* FlickrImageCell.swift */,
				4E8470D62189A323008C4BA6 /* JsonService.swift */,
			);
			path = FlickrSearch;
			sourceTree = "<group>";
		};
		607FACC71AFB9204008FA782 = {
			isa = PBXGroup;
			children = (
				607FACF51AFB993E008FA782 /* Podspec Metadata */,
				607FACD21AFB9204008FA782 /* Example for DDMvvm */,
				607FACE81AFB9204008FA782 /* Tests */,
				607FACD11AFB9204008FA782 /* Products */,
				249FD6E82297A32C2231A6AA /* Pods */,
				B7830FDE80F21ED50241C79F /* Frameworks */,
			);
			sourceTree = "<group>";
		};
		607FACD11AFB9204008FA782 /* Products */ = {
			isa = PBXGroup;
			children = (
				607FACD01AFB9204008FA782 /* DDMvvm_Example.app */,
				607FACE51AFB9204008FA782 /* DDMvvm_Tests.xctest */,
			);
			name = Products;
			sourceTree = "<group>";
		};
		607FACD21AFB9204008FA782 /* Example for DDMvvm */ = {
			isa = PBXGroup;
			children = (
				4EE544912161CE90000E7B15 /* Classes */,
				607FACD51AFB9204008FA782 /* AppDelegate.swift */,
				607FACDC1AFB9204008FA782 /* Images.xcassets */,
				607FACDE1AFB9204008FA782 /* LaunchScreen.xib */,
				607FACD31AFB9204008FA782 /* Supporting Files */,
			);
			name = "Example for DDMvvm";
			path = DDMvvm;
			sourceTree = "<group>";
		};
		607FACD31AFB9204008FA782 /* Supporting Files */ = {
			isa = PBXGroup;
			children = (
				607FACD41AFB9204008FA782 /* Info.plist */,
			);
			name = "Supporting Files";
			sourceTree = "<group>";
		};
		607FACE81AFB9204008FA782 /* Tests */ = {
			isa = PBXGroup;
			children = (
				607FACEB1AFB9204008FA782 /* Tests.swift */,
				607FACE91AFB9204008FA782 /* Supporting Files */,
			);
			path = Tests;
			sourceTree = "<group>";
		};
		607FACE91AFB9204008FA782 /* Supporting Files */ = {
			isa = PBXGroup;
			children = (
				607FACEA1AFB9204008FA782 /* Info.plist */,
			);
			name = "Supporting Files";
			sourceTree = "<group>";
		};
		607FACF51AFB993E008FA782 /* Podspec Metadata */ = {
			isa = PBXGroup;
			children = (
				52DA4DBDEC20931C169953E9 /* DDMvvm.podspec */,
				DE3853135D3C2B785F6422D3 /* README.md */,
				FBAB6B204F0970681DCF9099 /* LICENSE */,
			);
			name = "Podspec Metadata";
			sourceTree = "<group>";
		};
		B7830FDE80F21ED50241C79F /* Frameworks */ = {
			isa = PBXGroup;
			children = (
				4E98C39422AF6AFE006BD8A4 /* Pods_DDMvvm_Example.framework */,
				BFB08EE7E253BF60C14E5F73 /* Pods_DDMvvm_Tests.framework */,
			);
			name = Frameworks;
			sourceTree = "<group>";
		};
/* End PBXGroup section */

/* Begin PBXNativeTarget section */
		607FACCF1AFB9204008FA782 /* DDMvvm_Example */ = {
			isa = PBXNativeTarget;
			buildConfigurationList = 607FACEF1AFB9204008FA782 /* Build configuration list for PBXNativeTarget "DDMvvm_Example" */;
			buildPhases = (
				06F84A7DC7E03CFC5DA011EF /* [CP] Check Pods Manifest.lock */,
				607FACCC1AFB9204008FA782 /* Sources */,
				607FACCD1AFB9204008FA782 /* Frameworks */,
				607FACCE1AFB9204008FA782 /* Resources */,
				A72648EE19836D8616B983C2 /* [CP] Embed Pods Frameworks */,
			);
			buildRules = (
			);
			dependencies = (
			);
			name = DDMvvm_Example;
			productName = DDMvvm;
			productReference = 607FACD01AFB9204008FA782 /* DDMvvm_Example.app */;
			productType = "com.apple.product-type.application";
		};
		607FACE41AFB9204008FA782 /* DDMvvm_Tests */ = {
			isa = PBXNativeTarget;
			buildConfigurationList = 607FACF21AFB9204008FA782 /* Build configuration list for PBXNativeTarget "DDMvvm_Tests" */;
			buildPhases = (
				EA14619BA410398981E067F6 /* [CP] Check Pods Manifest.lock */,
				607FACE11AFB9204008FA782 /* Sources */,
				607FACE21AFB9204008FA782 /* Frameworks */,
				607FACE31AFB9204008FA782 /* Resources */,
			);
			buildRules = (
			);
			dependencies = (
				607FACE71AFB9204008FA782 /* PBXTargetDependency */,
			);
			name = DDMvvm_Tests;
			productName = Tests;
			productReference = 607FACE51AFB9204008FA782 /* DDMvvm_Tests.xctest */;
			productType = "com.apple.product-type.bundle.unit-test";
		};
/* End PBXNativeTarget section */

/* Begin PBXProject section */
		607FACC81AFB9204008FA782 /* Project object */ = {
			isa = PBXProject;
			attributes = {
				LastSwiftUpdateCheck = 0830;
				LastUpgradeCheck = 0830;
				ORGANIZATIONNAME = CocoaPods;
				TargetAttributes = {
					607FACCF1AFB9204008FA782 = {
						CreatedOnToolsVersion = 6.3.1;
						DevelopmentTeam = EHMNT4NFNL;
						LastSwiftMigration = 0900;
						ProvisioningStyle = Manual;
					};
					607FACE41AFB9204008FA782 = {
						CreatedOnToolsVersion = 6.3.1;
						DevelopmentTeam = EHMNT4NFNL;
						LastSwiftMigration = 0900;
						ProvisioningStyle = Manual;
						TestTargetID = 607FACCF1AFB9204008FA782;
					};
				};
			};
			buildConfigurationList = 607FACCB1AFB9204008FA782 /* Build configuration list for PBXProject "DDMvvm" */;
			compatibilityVersion = "Xcode 3.2";
			developmentRegion = English;
			hasScannedForEncodings = 0;
			knownRegions = (
				English,
				en,
				Base,
			);
			mainGroup = 607FACC71AFB9204008FA782;
			productRefGroup = 607FACD11AFB9204008FA782 /* Products */;
			projectDirPath = "";
			projectRoot = "";
			targets = (
				607FACCF1AFB9204008FA782 /* DDMvvm_Example */,
				607FACE41AFB9204008FA782 /* DDMvvm_Tests */,
			);
		};
/* End PBXProject section */

/* Begin PBXResourcesBuildPhase section */
		607FACCE1AFB9204008FA782 /* Resources */ = {
			isa = PBXResourcesBuildPhase;
			buildActionMask = 2147483647;
			files = (
				607FACE01AFB9204008FA782 /* LaunchScreen.xib in Resources */,
				607FACDD1AFB9204008FA782 /* Images.xcassets in Resources */,
			);
			runOnlyForDeploymentPostprocessing = 0;
		};
		607FACE31AFB9204008FA782 /* Resources */ = {
			isa = PBXResourcesBuildPhase;
			buildActionMask = 2147483647;
			files = (
			);
			runOnlyForDeploymentPostprocessing = 0;
		};
/* End PBXResourcesBuildPhase section */

/* Begin PBXShellScriptBuildPhase section */
		06F84A7DC7E03CFC5DA011EF /* [CP] Check Pods Manifest.lock */ = {
			isa = PBXShellScriptBuildPhase;
			buildActionMask = 2147483647;
			files = (
			);
			inputPaths = (
				"${PODS_PODFILE_DIR_PATH}/Podfile.lock",
				"${PODS_ROOT}/Manifest.lock",
			);
			name = "[CP] Check Pods Manifest.lock";
			outputPaths = (
				"$(DERIVED_FILE_DIR)/Pods-DDMvvm_Example-checkManifestLockResult.txt",
			);
			runOnlyForDeploymentPostprocessing = 0;
			shellPath = /bin/sh;
			shellScript = "diff \"${PODS_PODFILE_DIR_PATH}/Podfile.lock\" \"${PODS_ROOT}/Manifest.lock\" > /dev/null\nif [ $? != 0 ] ; then\n    # print error to STDERR\n    echo \"error: The sandbox is not in sync with the Podfile.lock. Run 'pod install' or update your CocoaPods installation.\" >&2\n    exit 1\nfi\n# This output is used by Xcode 'outputs' to avoid re-running this script phase.\necho \"SUCCESS\" > \"${SCRIPT_OUTPUT_FILE_0}\"\n";
			showEnvVarsInLog = 0;
		};
		A72648EE19836D8616B983C2 /* [CP] Embed Pods Frameworks */ = {
			isa = PBXShellScriptBuildPhase;
			buildActionMask = 2147483647;
			files = (
			);
			inputPaths = (
				"${PODS_ROOT}/Target Support Files/Pods-DDMvvm_Example/Pods-DDMvvm_Example-frameworks.sh",
				"${BUILT_PRODUCTS_DIR}/Action/Action.framework",
				"${BUILT_PRODUCTS_DIR}/Alamofire/Alamofire.framework",
				"${BUILT_PRODUCTS_DIR}/AlamofireImage/AlamofireImage.framework",
				"${BUILT_PRODUCTS_DIR}/DDMvvm/DDMvvm.framework",
				"${BUILT_PRODUCTS_DIR}/ObjectMapper/ObjectMapper.framework",
				"${BUILT_PRODUCTS_DIR}/PureLayout/PureLayout.framework",
				"${BUILT_PRODUCTS_DIR}/RxCocoa/RxCocoa.framework",
				"${BUILT_PRODUCTS_DIR}/RxRelay/RxRelay.framework",
				"${BUILT_PRODUCTS_DIR}/RxSwift/RxSwift.framework",
			);
			name = "[CP] Embed Pods Frameworks";
			outputPaths = (
				"${TARGET_BUILD_DIR}/${FRAMEWORKS_FOLDER_PATH}/Action.framework",
				"${TARGET_BUILD_DIR}/${FRAMEWORKS_FOLDER_PATH}/Alamofire.framework",
				"${TARGET_BUILD_DIR}/${FRAMEWORKS_FOLDER_PATH}/AlamofireImage.framework",
				"${TARGET_BUILD_DIR}/${FRAMEWORKS_FOLDER_PATH}/DDMvvm.framework",
				"${TARGET_BUILD_DIR}/${FRAMEWORKS_FOLDER_PATH}/ObjectMapper.framework",
				"${TARGET_BUILD_DIR}/${FRAMEWORKS_FOLDER_PATH}/PureLayout.framework",
				"${TARGET_BUILD_DIR}/${FRAMEWORKS_FOLDER_PATH}/RxCocoa.framework",
				"${TARGET_BUILD_DIR}/${FRAMEWORKS_FOLDER_PATH}/RxRelay.framework",
				"${TARGET_BUILD_DIR}/${FRAMEWORKS_FOLDER_PATH}/RxSwift.framework",
			);
			runOnlyForDeploymentPostprocessing = 0;
			shellPath = /bin/sh;
			shellScript = "\"${PODS_ROOT}/Target Support Files/Pods-DDMvvm_Example/Pods-DDMvvm_Example-frameworks.sh\"\n";
			showEnvVarsInLog = 0;
		};
		EA14619BA410398981E067F6 /* [CP] Check Pods Manifest.lock */ = {
			isa = PBXShellScriptBuildPhase;
			buildActionMask = 2147483647;
			files = (
			);
			inputPaths = (
				"${PODS_PODFILE_DIR_PATH}/Podfile.lock",
				"${PODS_ROOT}/Manifest.lock",
			);
			name = "[CP] Check Pods Manifest.lock";
			outputPaths = (
				"$(DERIVED_FILE_DIR)/Pods-DDMvvm_Tests-checkManifestLockResult.txt",
			);
			runOnlyForDeploymentPostprocessing = 0;
			shellPath = /bin/sh;
			shellScript = "diff \"${PODS_PODFILE_DIR_PATH}/Podfile.lock\" \"${PODS_ROOT}/Manifest.lock\" > /dev/null\nif [ $? != 0 ] ; then\n    # print error to STDERR\n    echo \"error: The sandbox is not in sync with the Podfile.lock. Run 'pod install' or update your CocoaPods installation.\" >&2\n    exit 1\nfi\n# This output is used by Xcode 'outputs' to avoid re-running this script phase.\necho \"SUCCESS\" > \"${SCRIPT_OUTPUT_FILE_0}\"\n";
			showEnvVarsInLog = 0;
		};
/* End PBXShellScriptBuildPhase section */

/* Begin PBXSourcesBuildPhase section */
		607FACCC1AFB9204008FA782 /* Sources */ = {
			isa = PBXSourcesBuildPhase;
			buildActionMask = 2147483647;
			files = (
				4EEA34752163D0AD00033616 /* FlickrImageCell.swift in Sources */,
				4E8470D72189A323008C4BA6 /* JsonService.swift in Sources */,
				4ED4076B2162016200987322 /* DataBindingExamplePage.swift in Sources */,
				4E2AD48A2167184D0016BFCF /* ContactModel.swift in Sources */,
				4E2AD47F21670C740016BFCF /* SectionCollectionPage.swift in Sources */,
				4EE5449D2161CF7B000E7B15 /* MenuModel.swift in Sources */,
				4ED407712162184600987322 /* CustomControlExamplePage.swift in Sources */,
				4EE544982161CEFF000E7B15 /* ExampleMenuPage.swift in Sources */,
				4ED4077521621FB500987322 /* NavigationTransitionExamplePage.swift in Sources */,
				4E48B73C216584A800EF8CED /* SectionListPage.swift in Sources */,
				4E2AD4832167113B0016BFCF /* SimpleCollectionPageCells.swift in Sources */,
				4E2AD48121670ECA0016BFCF /* SectionHeaderCell.swift in Sources */,
				4E2AD486216715DB0016BFCF /* ContactListPage.swift in Sources */,
				607FACD61AFB9204008FA782 /* AppDelegate.swift in Sources */,
				4E2AD47B216707FF0016BFCF /* SimpleCollectionPage.swift in Sources */,
				4ED407732162193200987322 /* SegmentedView.swift in Sources */,
				4E48B73621657CF800EF8CED /* SimpleListPage.swift in Sources */,
				4EEA34732163CFF800033616 /* FlickrSearchPage.swift in Sources */,
				4E2AD488216718200016BFCF /* ContactCell.swift in Sources */,
				4E2AD47D216709A60016BFCF /* SimpleCollectionPageCell.swift in Sources */,
				4E48B73821657DA900EF8CED /* SimpleListPageCell.swift in Sources */,
				4EE5449F2161D803000E7B15 /* DataTransformations.swift in Sources */,
				4E48B73E2165853700EF8CED /* SectionHeaderView.swift in Sources */,
				4E48B7402165881500EF8CED /* SectionListPageCells.swift in Sources */,
				4E2AD48C2167195C0016BFCF /* ContactEditPage.swift in Sources */,
				4E48B73A21657FD500EF8CED /* ListPageModels.swift in Sources */,
				4EE5449A2161CF3D000E7B15 /* ExampleMenuCell.swift in Sources */,
				4EEA34772163D17500033616 /* FlickrModels.swift in Sources */,
				4ED40777216224DA00987322 /* Transitionings.swift in Sources */,
			);
			runOnlyForDeploymentPostprocessing = 0;
		};
		607FACE11AFB9204008FA782 /* Sources */ = {
			isa = PBXSourcesBuildPhase;
			buildActionMask = 2147483647;
			files = (
				607FACEC1AFB9204008FA782 /* Tests.swift in Sources */,
			);
			runOnlyForDeploymentPostprocessing = 0;
		};
/* End PBXSourcesBuildPhase section */

/* Begin PBXTargetDependency section */
		607FACE71AFB9204008FA782 /* PBXTargetDependency */ = {
			isa = PBXTargetDependency;
			target = 607FACCF1AFB9204008FA782 /* DDMvvm_Example */;
			targetProxy = 607FACE61AFB9204008FA782 /* PBXContainerItemProxy */;
		};
/* End PBXTargetDependency section */

/* Begin PBXVariantGroup section */
		607FACDE1AFB9204008FA782 /* LaunchScreen.xib */ = {
			isa = PBXVariantGroup;
			children = (
				607FACDF1AFB9204008FA782 /* Base */,
			);
			name = LaunchScreen.xib;
			sourceTree = "<group>";
		};
/* End PBXVariantGroup section */

/* Begin XCBuildConfiguration section */
		607FACED1AFB9204008FA782 /* Debug */ = {
			isa = XCBuildConfiguration;
			buildSettings = {
				ALWAYS_SEARCH_USER_PATHS = NO;
				CLANG_CXX_LANGUAGE_STANDARD = "gnu++0x";
				CLANG_CXX_LIBRARY = "libc++";
				CLANG_ENABLE_MODULES = YES;
				CLANG_ENABLE_OBJC_ARC = YES;
				CLANG_WARN_BLOCK_CAPTURE_AUTORELEASING = YES;
				CLANG_WARN_BOOL_CONVERSION = YES;
				CLANG_WARN_COMMA = YES;
				CLANG_WARN_CONSTANT_CONVERSION = YES;
				CLANG_WARN_DIRECT_OBJC_ISA_USAGE = YES_ERROR;
				CLANG_WARN_EMPTY_BODY = YES;
				CLANG_WARN_ENUM_CONVERSION = YES;
				CLANG_WARN_INFINITE_RECURSION = YES;
				CLANG_WARN_INT_CONVERSION = YES;
				CLANG_WARN_NON_LITERAL_NULL_CONVERSION = YES;
				CLANG_WARN_OBJC_LITERAL_CONVERSION = YES;
				CLANG_WARN_OBJC_ROOT_CLASS = YES_ERROR;
				CLANG_WARN_RANGE_LOOP_ANALYSIS = YES;
				CLANG_WARN_STRICT_PROTOTYPES = YES;
				CLANG_WARN_SUSPICIOUS_MOVE = YES;
				CLANG_WARN_UNREACHABLE_CODE = YES;
				CLANG_WARN__DUPLICATE_METHOD_MATCH = YES;
				"CODE_SIGN_IDENTITY[sdk=iphoneos*]" = "iPhone Developer";
				COPY_PHASE_STRIP = NO;
				DEBUG_INFORMATION_FORMAT = "dwarf-with-dsym";
				ENABLE_STRICT_OBJC_MSGSEND = YES;
				ENABLE_TESTABILITY = YES;
				GCC_C_LANGUAGE_STANDARD = gnu99;
				GCC_DYNAMIC_NO_PIC = NO;
				GCC_NO_COMMON_BLOCKS = YES;
				GCC_OPTIMIZATION_LEVEL = 0;
				GCC_PREPROCESSOR_DEFINITIONS = (
					"DEBUG=1",
					"$(inherited)",
				);
				GCC_SYMBOLS_PRIVATE_EXTERN = NO;
				GCC_WARN_64_TO_32_BIT_CONVERSION = YES;
				GCC_WARN_ABOUT_RETURN_TYPE = YES_ERROR;
				GCC_WARN_UNDECLARED_SELECTOR = YES;
				GCC_WARN_UNINITIALIZED_AUTOS = YES_AGGRESSIVE;
				GCC_WARN_UNUSED_FUNCTION = YES;
				GCC_WARN_UNUSED_VARIABLE = YES;
				IPHONEOS_DEPLOYMENT_TARGET = 9.3;
				MTL_ENABLE_DEBUG_INFO = YES;
				ONLY_ACTIVE_ARCH = YES;
				SDKROOT = iphoneos;
				SWIFT_OPTIMIZATION_LEVEL = "-Onone";
			};
			name = Debug;
		};
		607FACEE1AFB9204008FA782 /* Release */ = {
			isa = XCBuildConfiguration;
			buildSettings = {
				ALWAYS_SEARCH_USER_PATHS = NO;
				CLANG_CXX_LANGUAGE_STANDARD = "gnu++0x";
				CLANG_CXX_LIBRARY = "libc++";
				CLANG_ENABLE_MODULES = YES;
				CLANG_ENABLE_OBJC_ARC = YES;
				CLANG_WARN_BLOCK_CAPTURE_AUTORELEASING = YES;
				CLANG_WARN_BOOL_CONVERSION = YES;
				CLANG_WARN_COMMA = YES;
				CLANG_WARN_CONSTANT_CONVERSION = YES;
				CLANG_WARN_DIRECT_OBJC_ISA_USAGE = YES_ERROR;
				CLANG_WARN_EMPTY_BODY = YES;
				CLANG_WARN_ENUM_CONVERSION = YES;
				CLANG_WARN_INFINITE_RECURSION = YES;
				CLANG_WARN_INT_CONVERSION = YES;
				CLANG_WARN_NON_LITERAL_NULL_CONVERSION = YES;
				CLANG_WARN_OBJC_LITERAL_CONVERSION = YES;
				CLANG_WARN_OBJC_ROOT_CLASS = YES_ERROR;
				CLANG_WARN_RANGE_LOOP_ANALYSIS = YES;
				CLANG_WARN_STRICT_PROTOTYPES = YES;
				CLANG_WARN_SUSPICIOUS_MOVE = YES;
				CLANG_WARN_UNREACHABLE_CODE = YES;
				CLANG_WARN__DUPLICATE_METHOD_MATCH = YES;
				"CODE_SIGN_IDENTITY[sdk=iphoneos*]" = "iPhone Developer";
				COPY_PHASE_STRIP = NO;
				DEBUG_INFORMATION_FORMAT = "dwarf-with-dsym";
				ENABLE_NS_ASSERTIONS = NO;
				ENABLE_STRICT_OBJC_MSGSEND = YES;
				GCC_C_LANGUAGE_STANDARD = gnu99;
				GCC_NO_COMMON_BLOCKS = YES;
				GCC_WARN_64_TO_32_BIT_CONVERSION = YES;
				GCC_WARN_ABOUT_RETURN_TYPE = YES_ERROR;
				GCC_WARN_UNDECLARED_SELECTOR = YES;
				GCC_WARN_UNINITIALIZED_AUTOS = YES_AGGRESSIVE;
				GCC_WARN_UNUSED_FUNCTION = YES;
				GCC_WARN_UNUSED_VARIABLE = YES;
				IPHONEOS_DEPLOYMENT_TARGET = 9.3;
				MTL_ENABLE_DEBUG_INFO = NO;
				SDKROOT = iphoneos;
				SWIFT_OPTIMIZATION_LEVEL = "-Owholemodule";
				VALIDATE_PRODUCT = YES;
			};
			name = Release;
		};
		607FACF01AFB9204008FA782 /* Debug */ = {
			isa = XCBuildConfiguration;
			baseConfigurationReference = FF622786AD5611ED1FE16677 /* Pods-DDMvvm_Example.debug.xcconfig */;
			buildSettings = {
				ASSETCATALOG_COMPILER_APPICON_NAME = AppIcon;
				CODE_SIGN_IDENTITY = "iPhone Developer";
				CODE_SIGN_STYLE = Manual;
				DEVELOPMENT_TEAM = EHMNT4NFNL;
				INFOPLIST_FILE = DDMvvm/Info.plist;
				LD_RUNPATH_SEARCH_PATHS = "$(inherited) @executable_path/Frameworks";
				MODULE_NAME = ExampleApp;
				PRODUCT_BUNDLE_IDENTIFIER = com.nover.DDMvvm;
				PRODUCT_NAME = "$(TARGET_NAME)";
				PROVISIONING_PROFILE_SPECIFIER = "Nover Development Provisioning";
				SWIFT_SWIFT3_OBJC_INFERENCE = Default;
				SWIFT_VERSION = 5.0;
			};
			name = Debug;
		};
		607FACF11AFB9204008FA782 /* Release */ = {
			isa = XCBuildConfiguration;
			baseConfigurationReference = 8073E045A97C23024F36524B /* Pods-DDMvvm_Example.release.xcconfig */;
			buildSettings = {
				ASSETCATALOG_COMPILER_APPICON_NAME = AppIcon;
				CODE_SIGN_STYLE = Manual;
				DEVELOPMENT_TEAM = "";
				INFOPLIST_FILE = DDMvvm/Info.plist;
				LD_RUNPATH_SEARCH_PATHS = "$(inherited) @executable_path/Frameworks";
				MODULE_NAME = ExampleApp;
				PRODUCT_BUNDLE_IDENTIFIER = com.nover.DDMvvm;
				PRODUCT_NAME = "$(TARGET_NAME)";
				PROVISIONING_PROFILE_SPECIFIER = "";
				SWIFT_SWIFT3_OBJC_INFERENCE = Default;
				SWIFT_VERSION = 5.0;
			};
			name = Release;
		};
		607FACF31AFB9204008FA782 /* Debug */ = {
			isa = XCBuildConfiguration;
			baseConfigurationReference = 5FE26D1E7202D97A6F7EB484 /* Pods-DDMvvm_Tests.debug.xcconfig */;
			buildSettings = {
				CODE_SIGN_STYLE = Manual;
				DEVELOPMENT_TEAM = EHMNT4NFNL;
				FRAMEWORK_SEARCH_PATHS = (
					"$(SDKROOT)/Developer/Library/Frameworks",
					"$(inherited)",
				);
				GCC_PREPROCESSOR_DEFINITIONS = (
					"DEBUG=1",
					"$(inherited)",
				);
				INFOPLIST_FILE = Tests/Info.plist;
				LD_RUNPATH_SEARCH_PATHS = "$(inherited) @executable_path/Frameworks @loader_path/Frameworks";
				PRODUCT_BUNDLE_IDENTIFIER = "org.cocoapods.$(PRODUCT_NAME:rfc1034identifier)";
				PRODUCT_NAME = "$(TARGET_NAME)";
				PROVISIONING_PROFILE_SPECIFIER = "";
				SWIFT_SWIFT3_OBJC_INFERENCE = Default;
				SWIFT_VERSION = 4.0;
				TEST_HOST = "$(BUILT_PRODUCTS_DIR)/DDMvvm_Example.app/DDMvvm_Example";
			};
			name = Debug;
		};
		607FACF41AFB9204008FA782 /* Release */ = {
			isa = XCBuildConfiguration;
			baseConfigurationReference = F2B6D0C954E6F0B971AF85E6 /* Pods-DDMvvm_Tests.release.xcconfig */;
			buildSettings = {
				CODE_SIGN_STYLE = Manual;
				DEVELOPMENT_TEAM = "";
				FRAMEWORK_SEARCH_PATHS = (
					"$(SDKROOT)/Developer/Library/Frameworks",
					"$(inherited)",
				);
				INFOPLIST_FILE = Tests/Info.plist;
				LD_RUNPATH_SEARCH_PATHS = "$(inherited) @executable_path/Frameworks @loader_path/Frameworks";
				PRODUCT_BUNDLE_IDENTIFIER = "org.cocoapods.$(PRODUCT_NAME:rfc1034identifier)";
				PRODUCT_NAME = "$(TARGET_NAME)";
				PROVISIONING_PROFILE_SPECIFIER = "";
				SWIFT_SWIFT3_OBJC_INFERENCE = Default;
				SWIFT_VERSION = 4.0;
				TEST_HOST = "$(BUILT_PRODUCTS_DIR)/DDMvvm_Example.app/DDMvvm_Example";
			};
			name = Release;
		};
/* End XCBuildConfiguration section */

/* Begin XCConfigurationList section */
		607FACCB1AFB9204008FA782 /* Build configuration list for PBXProject "DDMvvm" */ = {
			isa = XCConfigurationList;
			buildConfigurations = (
				607FACED1AFB9204008FA782 /* Debug */,
				607FACEE1AFB9204008FA782 /* Release */,
			);
			defaultConfigurationIsVisible = 0;
			defaultConfigurationName = Release;
		};
		607FACEF1AFB9204008FA782 /* Build configuration list for PBXNativeTarget "DDMvvm_Example" */ = {
			isa = XCConfigurationList;
			buildConfigurations = (
				607FACF01AFB9204008FA782 /* Debug */,
				607FACF11AFB9204008FA782 /* Release */,
			);
			defaultConfigurationIsVisible = 0;
			defaultConfigurationName = Release;
		};
		607FACF21AFB9204008FA782 /* Build configuration list for PBXNativeTarget "DDMvvm_Tests" */ = {
			isa = XCConfigurationList;
			buildConfigurations = (
				607FACF31AFB9204008FA782 /* Debug */,
				607FACF41AFB9204008FA782 /* Release */,
			);
			defaultConfigurationIsVisible = 0;
			defaultConfigurationName = Release;
		};
/* End XCConfigurationList section */
	};
	rootObject = 607FACC81AFB9204008FA782 /* Project object */;
}
